// !$*UTF8*$!
{
	archiveVersion = 1;
	classes = {
	};
	objectVersion = 55;
	objects = {

/* Begin PBXFileReference section */
		07FAD0B427EAE54B009DF953 /* MinimumDifference.swift */ = {isa = PBXFileReference; lastKnownFileType = sourcecode.swift; path = MinimumDifference.swift; sourceTree = "<group>"; };
/* End PBXFileReference section */

/* Begin PBXGroup section */
		07FAD0AD27EAE510009DF953 = {
			isa = PBXGroup;
			children = (
				07FAD0B427EAE54B009DF953 /* MinimumDifference.swift */,
			);
			sourceTree = "<group>";
		};
/* End PBXGroup section */

/* Begin PBXProject section */
		07FAD0AE27EAE510009DF953 /* Project object */ = {
			isa = PBXProject;
			attributes = {
				BuildIndependentTargetsInParallel = 1;
				LastUpgradeCheck = 1320;
			};
			buildConfigurationList = 07FAD0B127EAE510009DF953 /* Build configuration list for PBXProject "CodingChallenge" */;
			compatibilityVersion = "Xcode 13.0";
			developmentRegion = en;
			hasScannedForEncodings = 0;
			knownRegions = (
				en,
				Base,
			);
			mainGroup = 07FAD0AD27EAE510009DF953;
			projectDirPath = "";
			projectRoot = "";
			targets = (
			);
		};
/* End PBXProject section */

/* Begin XCBuildConfiguration section */
		07FAD0B227EAE510009DF953 /* Debug */ = {
			isa = XCBuildConfiguration;
			buildSettings = {
			};
			name = Debug;
		};
		07FAD0B327EAE510009DF953 /* Release */ = {
			isa = XCBuildConfiguration;
			buildSettings = {
			};
			name = Release;
		};
/* End XCBuildConfiguration section */

/* Begin XCConfigurationList section */
		07FAD0B127EAE510009DF953 /* Build configuration list for PBXProject "CodingChallenge" */ = {
			isa = XCConfigurationList;
			buildConfigurations = (
				07FAD0B227EAE510009DF953 /* Debug */,
				07FAD0B327EAE510009DF953 /* Release */,
			);
			defaultConfigurationIsVisible = 0;
			defaultConfigurationName = Release;
		};
/* End XCConfigurationList section */
	};
	rootObject = 07FAD0AE27EAE510009DF953 /* Project object */;
}
